// !$*UTF8*$!
{
	archiveVersion = 1;
	classes = {
	};
	objectVersion = 46;
	objects = {

/* Begin PBXBuildFile section */
		531A1D031674E32400EA1D82 /* Foundation.framework in Frameworks */ = {isa = PBXBuildFile; fileRef = 53759DFB15CEE8AD00F93127 /* Foundation.framework */; };
		531A1D061674E32400EA1D82 /* main.m in Sources */ = {isa = PBXBuildFile; fileRef = 531A1D051674E32400EA1D82 /* main.m */; };
		534A15B416B2F8F300EA35DB /* CoreNetworking.framework in Copy Frameworks */ = {isa = PBXBuildFile; fileRef = 534A15AF16B2F8C900EA35DB /* CoreNetworking.framework */; };
		534A15B516B2F90200EA35DB /* CoreNetworking.framework in Frameworks */ = {isa = PBXBuildFile; fileRef = 534A15AF16B2F8C900EA35DB /* CoreNetworking.framework */; };
		53E92B20167FC012003A35EB /* Cocoa.framework in Frameworks */ = {isa = PBXBuildFile; fileRef = 53E92B00167FBFEB003A35EB /* Cocoa.framework */; };
		53E92B2D167FC047003A35EB /* AFNetworkTelnetConnection.m in Sources */ = {isa = PBXBuildFile; fileRef = 53A0482415D077B80054FFB0 /* AFNetworkTelnetConnection.m */; };
		53E92B2E167FC049003A35EB /* AFNetworkFTPConnection.m in Sources */ = {isa = PBXBuildFile; fileRef = 533F3018165C35DE00E327D4 /* AFNetworkFTPConnection.m */; };
		53E92B2F167FC04B003A35EB /* AFNetworkFTPMessage.m in Sources */ = {isa = PBXBuildFile; fileRef = 53A225FD167544BF0036CB30 /* AFNetworkFTPMessage.m */; };
		53E92B30167FC04D003A35EB /* AFNetworkFTPServer.m in Sources */ = {isa = PBXBuildFile; fileRef = 53A0482115D077290054FFB0 /* AFNetworkFTPServer.m */; };
		53E92B31167FC050003A35EB /* AFVirtualFileSystem.m in Sources */ = {isa = PBXBuildFile; fileRef = 533F3015165BF5E100E327D4 /* AFVirtualFileSystem.m */; };
		53E92B32167FC053003A35EB /* AFInMemoryFileSystem.m in Sources */ = {isa = PBXBuildFile; fileRef = 53A0490F15D1C4CE0054FFB0 /* AFInMemoryFileSystem.m */; };
		53E92B33167FC055003A35EB /* AFNetworkHTTPFileSystemRenderer.m in Sources */ = {isa = PBXBuildFile; fileRef = 53631F3416793CDC00FEE305 /* AFNetworkHTTPFileSystemRenderer.m */; };
		53E92B34167FC058003A35EB /* main.m in Sources */ = {isa = PBXBuildFile; fileRef = 53759DFE15CEE8AD00F93127 /* main.m */; };
		53E92BA7167FDA1B003A35EB /* KDCameraServerController.m in Sources */ = {isa = PBXBuildFile; fileRef = 53E92BA6167FDA1B003A35EB /* KDCameraServerController.m */; };
		53E92BAA167FDCE6003A35EB /* CameraServer-Functions.m in Sources */ = {isa = PBXBuildFile; fileRef = 53E92BA9167FDCE6003A35EB /* CameraServer-Functions.m */; };
/* End PBXBuildFile section */

/* Begin PBXContainerItemProxy section */
		534A15AE16B2F8C900EA35DB /* PBXContainerItemProxy */ = {
			isa = PBXContainerItemProxy;
			containerPortal = 53759E0915CEE8BE00F93127 /* CoreNetworking.xcodeproj */;
			proxyType = 2;
			remoteGlobalIDString = 5370E0710F5B0571008F5991;
			remoteInfo = CoreNetworking;
		};
		534A15B016B2F8C900EA35DB /* PBXContainerItemProxy */ = {
			isa = PBXContainerItemProxy;
			containerPortal = 53759E0915CEE8BE00F93127 /* CoreNetworking.xcodeproj */;
			proxyType = 2;
			remoteGlobalIDString = 53D4568116209630006FAD65;
			remoteInfo = "CoreNetworking Tests";
		};
		534A15B216B2F8C900EA35DB /* PBXContainerItemProxy */ = {
			isa = PBXContainerItemProxy;
			containerPortal = 53759E0915CEE8BE00F93127 /* CoreNetworking.xcodeproj */;
			proxyType = 2;
			remoteGlobalIDString = 53BEF6A10F5B6A2700063B8D;
			remoteInfo = "CoreNetworking Touch";
		};
/* End PBXContainerItemProxy section */

/* Begin PBXCopyFilesBuildPhase section */
		531A1CFF1674E32400EA1D82 /* CopyFiles */ = {
			isa = PBXCopyFilesBuildPhase;
			buildActionMask = 2147483647;
			dstPath = /usr/share/man/man1/;
			dstSubfolderSpec = 0;
			files = (
			);
			runOnlyForDeploymentPostprocessing = 1;
		};
		53E92B36167FC105003A35EB /* Copy Frameworks */ = {
			isa = PBXCopyFilesBuildPhase;
			buildActionMask = 2147483647;
			dstPath = "";
			dstSubfolderSpec = 10;
			files = (
				534A15B416B2F8F300EA35DB /* CoreNetworking.framework in Copy Frameworks */,
			);
			name = "Copy Frameworks";
			runOnlyForDeploymentPostprocessing = 0;
		};
/* End PBXCopyFilesBuildPhase section */

/* Begin PBXFileReference section */
		531A1D011674E32400EA1D82 /* pasv_converter */ = {isa = PBXFileReference; explicitFileType = "compiled.mach-o.executable"; includeInIndex = 0; path = pasv_converter; sourceTree = BUILT_PRODUCTS_DIR; };
		531A1D051674E32400EA1D82 /* main.m */ = {isa = PBXFileReference; lastKnownFileType = sourcecode.c.objc; path = main.m; sourceTree = "<group>"; };
		531A1D081674E32400EA1D82 /* FTP PASV Converter-Prefix.pch */ = {isa = PBXFileReference; lastKnownFileType = sourcecode.c.h; path = "FTP PASV Converter-Prefix.pch"; sourceTree = "<group>"; };
		533F3014165BEF2000E327D4 /* AFVirtualFileSystem.h */ = {isa = PBXFileReference; lastKnownFileType = sourcecode.c.h; path = AFVirtualFileSystem.h; sourceTree = "<group>"; };
		533F3015165BF5E100E327D4 /* AFVirtualFileSystem.m */ = {isa = PBXFileReference; fileEncoding = 4; lastKnownFileType = sourcecode.c.objc; path = AFVirtualFileSystem.m; sourceTree = "<group>"; };
		533F3017165C35DE00E327D4 /* AFNetworkFTPConnection.h */ = {isa = PBXFileReference; fileEncoding = 4; lastKnownFileType = sourcecode.c.h; path = AFNetworkFTPConnection.h; sourceTree = "<group>"; };
		533F3018165C35DE00E327D4 /* AFNetworkFTPConnection.m */ = {isa = PBXFileReference; fileEncoding = 4; lastKnownFileType = sourcecode.c.objc; path = AFNetworkFTPConnection.m; sourceTree = "<group>"; };
		536312A6166A7B3200B4308D /* AFVirtualFileSystemNode+AFVirtualFileSystemPrivate.h */ = {isa = PBXFileReference; fileEncoding = 4; lastKnownFileType = sourcecode.c.h; path = "AFVirtualFileSystemNode+AFVirtualFileSystemPrivate.h"; sourceTree = "<group>"; };
		53631F3316793CDC00FEE305 /* AFNetworkHTTPFileSystemRenderer.h */ = {isa = PBXFileReference; fileEncoding = 4; lastKnownFileType = sourcecode.c.h; path = AFNetworkHTTPFileSystemRenderer.h; sourceTree = "<group>"; };
		53631F3416793CDC00FEE305 /* AFNetworkHTTPFileSystemRenderer.m */ = {isa = PBXFileReference; fileEncoding = 4; lastKnownFileType = sourcecode.c.objc; path = AFNetworkHTTPFileSystemRenderer.m; sourceTree = "<group>"; };
		53759DFB15CEE8AD00F93127 /* Foundation.framework */ = {isa = PBXFileReference; lastKnownFileType = wrapper.framework; name = Foundation.framework; path = System/Library/Frameworks/Foundation.framework; sourceTree = SDKROOT; };
		53759DFE15CEE8AD00F93127 /* main.m */ = {isa = PBXFileReference; lastKnownFileType = sourcecode.c.objc; path = main.m; sourceTree = "<group>"; };
		53759E0115CEE8AD00F93127 /* FTP Server-Prefix.pch */ = {isa = PBXFileReference; lastKnownFileType = sourcecode.c.h; path = "FTP Server-Prefix.pch"; sourceTree = "<group>"; };
		53759E0915CEE8BE00F93127 /* CoreNetworking.xcodeproj */ = {isa = PBXFileReference; lastKnownFileType = "wrapper.pb-project"; name = CoreNetworking.xcodeproj; path = Externals/CoreNetworking/CoreNetworking.xcodeproj; sourceTree = "<group>"; };
		5386730C167E4C4700F0AEA3 /* CoreServices.framework */ = {isa = PBXFileReference; lastKnownFileType = wrapper.framework; name = CoreServices.framework; path = System/Library/Frameworks/CoreServices.framework; sourceTree = SDKROOT; };
		53A0482015D077290054FFB0 /* AFNetworkFTPServer.h */ = {isa = PBXFileReference; fileEncoding = 4; lastKnownFileType = sourcecode.c.h; path = AFNetworkFTPServer.h; sourceTree = "<group>"; };
		53A0482115D077290054FFB0 /* AFNetworkFTPServer.m */ = {isa = PBXFileReference; fileEncoding = 4; lastKnownFileType = sourcecode.c.objc; path = AFNetworkFTPServer.m; sourceTree = "<group>"; };
		53A0482315D077B80054FFB0 /* AFNetworkTelnetConnection.h */ = {isa = PBXFileReference; fileEncoding = 4; lastKnownFileType = sourcecode.c.h; path = AFNetworkTelnetConnection.h; sourceTree = "<group>"; };
		53A0482415D077B80054FFB0 /* AFNetworkTelnetConnection.m */ = {isa = PBXFileReference; fileEncoding = 4; lastKnownFileType = sourcecode.c.objc; path = AFNetworkTelnetConnection.m; sourceTree = "<group>"; };
		53A0490E15D1C4CE0054FFB0 /* AFInMemoryFileSystem.h */ = {isa = PBXFileReference; fileEncoding = 4; lastKnownFileType = sourcecode.c.h; path = AFInMemoryFileSystem.h; sourceTree = "<group>"; };
		53A0490F15D1C4CE0054FFB0 /* AFInMemoryFileSystem.m */ = {isa = PBXFileReference; fileEncoding = 4; lastKnownFileType = sourcecode.c.objc; path = AFInMemoryFileSystem.m; sourceTree = "<group>"; };
		53A225FC167544BF0036CB30 /* AFNetworkFTPMessage.h */ = {isa = PBXFileReference; fileEncoding = 4; lastKnownFileType = sourcecode.c.h; path = AFNetworkFTPMessage.h; sourceTree = "<group>"; };
		53A225FD167544BF0036CB30 /* AFNetworkFTPMessage.m */ = {isa = PBXFileReference; fileEncoding = 4; lastKnownFileType = sourcecode.c.objc; path = AFNetworkFTPMessage.m; sourceTree = "<group>"; };
		53E92B00167FBFEB003A35EB /* Cocoa.framework */ = {isa = PBXFileReference; lastKnownFileType = wrapper.framework; name = Cocoa.framework; path = System/Library/Frameworks/Cocoa.framework; sourceTree = SDKROOT; };
		53E92B03167FBFEB003A35EB /* AppKit.framework */ = {isa = PBXFileReference; lastKnownFileType = wrapper.framework; name = AppKit.framework; path = System/Library/Frameworks/AppKit.framework; sourceTree = SDKROOT; };
		53E92B04167FBFEB003A35EB /* CoreData.framework */ = {isa = PBXFileReference; lastKnownFileType = wrapper.framework; name = CoreData.framework; path = System/Library/Frameworks/CoreData.framework; sourceTree = SDKROOT; };
		53E92B05167FBFEB003A35EB /* Foundation.framework */ = {isa = PBXFileReference; lastKnownFileType = wrapper.framework; name = Foundation.framework; path = System/Library/Frameworks/Foundation.framework; sourceTree = SDKROOT; };
		53E92B1F167FC012003A35EB /* Camera Server.app */ = {isa = PBXFileReference; explicitFileType = wrapper.cfbundle; includeInIndex = 0; path = "Camera Server.app"; sourceTree = BUILT_PRODUCTS_DIR; };
		53E92BA5167FDA1B003A35EB /* KDCameraServerController.h */ = {isa = PBXFileReference; fileEncoding = 4; lastKnownFileType = sourcecode.c.h; path = KDCameraServerController.h; sourceTree = "<group>"; };
		53E92BA6167FDA1B003A35EB /* KDCameraServerController.m */ = {isa = PBXFileReference; fileEncoding = 4; lastKnownFileType = sourcecode.c.objc; path = KDCameraServerController.m; sourceTree = "<group>"; };
		53E92BA8167FDCE6003A35EB /* CameraServer-Functions.h */ = {isa = PBXFileReference; fileEncoding = 4; lastKnownFileType = sourcecode.c.h; path = "CameraServer-Functions.h"; sourceTree = "<group>"; };
		53E92BA9167FDCE6003A35EB /* CameraServer-Functions.m */ = {isa = PBXFileReference; fileEncoding = 4; lastKnownFileType = sourcecode.c.objc; path = "CameraServer-Functions.m"; sourceTree = "<group>"; };
/* End PBXFileReference section */

/* Begin PBXFrameworksBuildPhase section */
		531A1CFE1674E32400EA1D82 /* Frameworks */ = {
			isa = PBXFrameworksBuildPhase;
			buildActionMask = 2147483647;
			files = (
				531A1D031674E32400EA1D82 /* Foundation.framework in Frameworks */,
			);
			runOnlyForDeploymentPostprocessing = 0;
		};
		53E92B1C167FC012003A35EB /* Frameworks */ = {
			isa = PBXFrameworksBuildPhase;
			buildActionMask = 2147483647;
			files = (
				53E92B20167FC012003A35EB /* Cocoa.framework in Frameworks */,
				534A15B516B2F90200EA35DB /* CoreNetworking.framework in Frameworks */,
			);
			runOnlyForDeploymentPostprocessing = 0;
		};
/* End PBXFrameworksBuildPhase section */

/* Begin PBXGroup section */
		531A1D041674E32400EA1D82 /* FTP PASV Converter */ = {
			isa = PBXGroup;
			children = (
				531A1D051674E32400EA1D82 /* main.m */,
				531A1D071674E32400EA1D82 /* Supporting Files */,
			);
			path = "FTP PASV Converter";
			sourceTree = "<group>";
		};
		531A1D071674E32400EA1D82 /* Supporting Files */ = {
			isa = PBXGroup;
			children = (
				531A1D081674E32400EA1D82 /* FTP PASV Converter-Prefix.pch */,
			);
			name = "Supporting Files";
			sourceTree = "<group>";
		};
		534A15A916B2F8C900EA35DB /* Products */ = {
			isa = PBXGroup;
			children = (
				534A15AF16B2F8C900EA35DB /* CoreNetworking.framework */,
				534A15B116B2F8C900EA35DB /* CoreNetworking Tests.octest */,
				534A15B316B2F8C900EA35DB /* libCoreNetworking.a */,
			);
			name = Products;
			sourceTree = "<group>";
		};
		53759DEC15CEE8AD00F93127 = {
			isa = PBXGroup;
			children = (
				53759DFD15CEE8AD00F93127 /* Camera Server */,
				531A1D041674E32400EA1D82 /* FTP PASV Converter */,
				53759DFA15CEE8AD00F93127 /* Frameworks */,
				53759DF815CEE8AD00F93127 /* Products */,
			);
			sourceTree = "<group>";
		};
		53759DF815CEE8AD00F93127 /* Products */ = {
			isa = PBXGroup;
			children = (
				531A1D011674E32400EA1D82 /* pasv_converter */,
				53E92B1F167FC012003A35EB /* Camera Server.app */,
			);
			name = Products;
			sourceTree = "<group>";
		};
		53759DFA15CEE8AD00F93127 /* Frameworks */ = {
			isa = PBXGroup;
			children = (
				53759E0915CEE8BE00F93127 /* CoreNetworking.xcodeproj */,
				53759DFB15CEE8AD00F93127 /* Foundation.framework */,
				5386730C167E4C4700F0AEA3 /* CoreServices.framework */,
				53E92B00167FBFEB003A35EB /* Cocoa.framework */,
				53E92B02167FBFEB003A35EB /* Other Frameworks */,
			);
			name = Frameworks;
			sourceTree = "<group>";
		};
		53759DFD15CEE8AD00F93127 /* Camera Server */ = {
			isa = PBXGroup;
			children = (
				53759DFE15CEE8AD00F93127 /* main.m */,
				53A0482315D077B80054FFB0 /* AFNetworkTelnetConnection.h */,
				53A0482415D077B80054FFB0 /* AFNetworkTelnetConnection.m */,
				533F3017165C35DE00E327D4 /* AFNetworkFTPConnection.h */,
				533F3018165C35DE00E327D4 /* AFNetworkFTPConnection.m */,
				53A225FC167544BF0036CB30 /* AFNetworkFTPMessage.h */,
				53A225FD167544BF0036CB30 /* AFNetworkFTPMessage.m */,
				53A0482015D077290054FFB0 /* AFNetworkFTPServer.h */,
				53A0482115D077290054FFB0 /* AFNetworkFTPServer.m */,
				533F3014165BEF2000E327D4 /* AFVirtualFileSystem.h */,
				536312A6166A7B3200B4308D /* AFVirtualFileSystemNode+AFVirtualFileSystemPrivate.h */,
				533F3015165BF5E100E327D4 /* AFVirtualFileSystem.m */,
				53A0490E15D1C4CE0054FFB0 /* AFInMemoryFileSystem.h */,
				53A0490F15D1C4CE0054FFB0 /* AFInMemoryFileSystem.m */,
				53631F3316793CDC00FEE305 /* AFNetworkHTTPFileSystemRenderer.h */,
				53631F3416793CDC00FEE305 /* AFNetworkHTTPFileSystemRenderer.m */,
				53E92BA5167FDA1B003A35EB /* KDCameraServerController.h */,
				53E92BA6167FDA1B003A35EB /* KDCameraServerController.m */,
				53E92BA8167FDCE6003A35EB /* CameraServer-Functions.h */,
				53E92BA9167FDCE6003A35EB /* CameraServer-Functions.m */,
				53759E0015CEE8AD00F93127 /* Supporting Files */,
			);
			name = "Camera Server";
			path = "FTP Server";
			sourceTree = "<group>";
		};
		53759E0015CEE8AD00F93127 /* Supporting Files */ = {
			isa = PBXGroup;
			children = (
				53759E0115CEE8AD00F93127 /* FTP Server-Prefix.pch */,
			);
			name = "Supporting Files";
			sourceTree = "<group>";
		};
		53E92B02167FBFEB003A35EB /* Other Frameworks */ = {
			isa = PBXGroup;
			children = (
				53E92B03167FBFEB003A35EB /* AppKit.framework */,
				53E92B04167FBFEB003A35EB /* CoreData.framework */,
				53E92B05167FBFEB003A35EB /* Foundation.framework */,
			);
			name = "Other Frameworks";
			sourceTree = "<group>";
		};
/* End PBXGroup section */

/* Begin PBXNativeTarget section */
		531A1D001674E32400EA1D82 /* FTP PASV Converter */ = {
			isa = PBXNativeTarget;
			buildConfigurationList = 531A1D0B1674E32400EA1D82 /* Build configuration list for PBXNativeTarget "FTP PASV Converter" */;
			buildPhases = (
				531A1CFD1674E32400EA1D82 /* Sources */,
				531A1CFE1674E32400EA1D82 /* Frameworks */,
				531A1CFF1674E32400EA1D82 /* CopyFiles */,
			);
			buildRules = (
			);
			dependencies = (
			);
			name = "FTP PASV Converter";
			productName = "FTP PASV Converter";
			productReference = 531A1D011674E32400EA1D82 /* pasv_converter */;
			productType = "com.apple.product-type.tool";
		};
		53E92B1E167FC012003A35EB /* Camera Server */ = {
			isa = PBXNativeTarget;
			buildConfigurationList = 53E92B28167FC012003A35EB /* Build configuration list for PBXNativeTarget "Camera Server" */;
			buildPhases = (
				53E92B1B167FC012003A35EB /* Sources */,
				53E92B1C167FC012003A35EB /* Frameworks */,
				53E92B1D167FC012003A35EB /* Resources */,
				53E92B36167FC105003A35EB /* Copy Frameworks */,
			);
			buildRules = (
			);
			dependencies = (
			);
			name = "Camera Server";
			productName = "Camera Server";
			productReference = 53E92B1F167FC012003A35EB /* Camera Server.app */;
			productType = "com.apple.product-type.bundle";
		};
/* End PBXNativeTarget section */

/* Begin PBXProject section */
		53759DEE15CEE8AD00F93127 /* Project object */ = {
			isa = PBXProject;
			attributes = {
				CLASSPREFIX = AFNetwork;
				LastUpgradeCheck = 0430;
				ORGANIZATIONNAME = "Keith Duncan";
			};
			buildConfigurationList = 53759DF115CEE8AD00F93127 /* Build configuration list for PBXProject "Camera Server" */;
			compatibilityVersion = "Xcode 3.2";
			developmentRegion = English;
			hasScannedForEncodings = 0;
			knownRegions = (
				en,
			);
			mainGroup = 53759DEC15CEE8AD00F93127;
			productRefGroup = 53759DF815CEE8AD00F93127 /* Products */;
			projectDirPath = "";
			projectReferences = (
				{
					ProductGroup = 534A15A916B2F8C900EA35DB /* Products */;
					ProjectRef = 53759E0915CEE8BE00F93127 /* CoreNetworking.xcodeproj */;
				},
			);
			projectRoot = "";
			targets = (
				53E92B1E167FC012003A35EB /* Camera Server */,
				531A1D001674E32400EA1D82 /* FTP PASV Converter */,
			);
		};
/* End PBXProject section */

/* Begin PBXReferenceProxy section */
		534A15AF16B2F8C900EA35DB /* CoreNetworking.framework */ = {
			isa = PBXReferenceProxy;
			fileType = wrapper.framework;
			path = CoreNetworking.framework;
			remoteRef = 534A15AE16B2F8C900EA35DB /* PBXContainerItemProxy */;
			sourceTree = BUILT_PRODUCTS_DIR;
		};
		534A15B116B2F8C900EA35DB /* CoreNetworking Tests.octest */ = {
			isa = PBXReferenceProxy;
			fileType = wrapper.cfbundle;
			path = "CoreNetworking Tests.octest";
			remoteRef = 534A15B016B2F8C900EA35DB /* PBXContainerItemProxy */;
			sourceTree = BUILT_PRODUCTS_DIR;
		};
		534A15B316B2F8C900EA35DB /* libCoreNetworking.a */ = {
			isa = PBXReferenceProxy;
			fileType = archive.ar;
			path = libCoreNetworking.a;
			remoteRef = 534A15B216B2F8C900EA35DB /* PBXContainerItemProxy */;
			sourceTree = BUILT_PRODUCTS_DIR;
		};
/* End PBXReferenceProxy section */

/* Begin PBXResourcesBuildPhase section */
		53E92B1D167FC012003A35EB /* Resources */ = {
			isa = PBXResourcesBuildPhase;
			buildActionMask = 2147483647;
			files = (
			);
			runOnlyForDeploymentPostprocessing = 0;
		};
/* End PBXResourcesBuildPhase section */

/* Begin PBXSourcesBuildPhase section */
		531A1CFD1674E32400EA1D82 /* Sources */ = {
			isa = PBXSourcesBuildPhase;
			buildActionMask = 2147483647;
			files = (
				531A1D061674E32400EA1D82 /* main.m in Sources */,
			);
			runOnlyForDeploymentPostprocessing = 0;
		};
		53E92B1B167FC012003A35EB /* Sources */ = {
			isa = PBXSourcesBuildPhase;
			buildActionMask = 2147483647;
			files = (
				53E92B34167FC058003A35EB /* main.m in Sources */,
				53E92B33167FC055003A35EB /* AFNetworkHTTPFileSystemRenderer.m in Sources */,
				53E92B2D167FC047003A35EB /* AFNetworkTelnetConnection.m in Sources */,
				53E92B2E167FC049003A35EB /* AFNetworkFTPConnection.m in Sources */,
				53E92B2F167FC04B003A35EB /* AFNetworkFTPMessage.m in Sources */,
				53E92B30167FC04D003A35EB /* AFNetworkFTPServer.m in Sources */,
				53E92B31167FC050003A35EB /* AFVirtualFileSystem.m in Sources */,
				53E92B32167FC053003A35EB /* AFInMemoryFileSystem.m in Sources */,
				53E92BA7167FDA1B003A35EB /* KDCameraServerController.m in Sources */,
				53E92BAA167FDCE6003A35EB /* CameraServer-Functions.m in Sources */,
			);
			runOnlyForDeploymentPostprocessing = 0;
		};
/* End PBXSourcesBuildPhase section */

/* Begin XCBuildConfiguration section */
		531A1D0C1674E32400EA1D82 /* Debug */ = {
			isa = XCBuildConfiguration;
			buildSettings = {
				CLANG_CXX_LANGUAGE_STANDARD = "gnu++0x";
				CLANG_CXX_LIBRARY = "libc++";
				CLANG_ENABLE_OBJC_ARC = YES;
				CLANG_WARN_EMPTY_BODY = YES;
				CLANG_WARN__DUPLICATE_METHOD_MATCH = YES;
				GCC_PRECOMPILE_PREFIX_HEADER = YES;
				GCC_PREFIX_HEADER = "FTP PASV Converter/FTP PASV Converter-Prefix.pch";
				MACOSX_DEPLOYMENT_TARGET = 10.8;
				PRODUCT_NAME = pasv_converter;
			};
			name = Debug;
		};
		531A1D0D1674E32400EA1D82 /* Release */ = {
			isa = XCBuildConfiguration;
			buildSettings = {
				CLANG_CXX_LANGUAGE_STANDARD = "gnu++0x";
				CLANG_CXX_LIBRARY = "libc++";
				CLANG_ENABLE_OBJC_ARC = YES;
				CLANG_WARN_EMPTY_BODY = YES;
				CLANG_WARN__DUPLICATE_METHOD_MATCH = YES;
				GCC_PRECOMPILE_PREFIX_HEADER = YES;
				GCC_PREFIX_HEADER = "FTP PASV Converter/FTP PASV Converter-Prefix.pch";
				MACOSX_DEPLOYMENT_TARGET = 10.8;
				PRODUCT_NAME = pasv_converter;
			};
			name = Release;
		};
		53759E0415CEE8AD00F93127 /* Debug */ = {
			isa = XCBuildConfiguration;
			buildSettings = {
				ALWAYS_SEARCH_USER_PATHS = NO;
				ARCHS = "$(ARCHS_STANDARD_64_BIT)";
				COPY_PHASE_STRIP = NO;
				GCC_C_LANGUAGE_STANDARD = gnu99;
				GCC_DYNAMIC_NO_PIC = NO;
				GCC_ENABLE_OBJC_EXCEPTIONS = YES;
				GCC_OPTIMIZATION_LEVEL = 0;
				GCC_PREPROCESSOR_DEFINITIONS = (
					"DEBUG=1",
					"$(inherited)",
				);
				GCC_SYMBOLS_PRIVATE_EXTERN = NO;
				GCC_VERSION = com.apple.compilers.llvm.clang.1_0;
				GCC_WARN_64_TO_32_BIT_CONVERSION = YES;
				GCC_WARN_ABOUT_RETURN_TYPE = YES;
				GCC_WARN_UNINITIALIZED_AUTOS = YES;
				GCC_WARN_UNUSED_VARIABLE = YES;
				MACOSX_DEPLOYMENT_TARGET = 10.7;
				ONLY_ACTIVE_ARCH = YES;
				SDKROOT = macosx;
			};
			name = Debug;
		};
		53759E0515CEE8AD00F93127 /* Release */ = {
			isa = XCBuildConfiguration;
			buildSettings = {
				ALWAYS_SEARCH_USER_PATHS = NO;
				ARCHS = "$(ARCHS_STANDARD_64_BIT)";
				COPY_PHASE_STRIP = YES;
				DEBUG_INFORMATION_FORMAT = "dwarf-with-dsym";
				GCC_C_LANGUAGE_STANDARD = gnu99;
				GCC_ENABLE_OBJC_EXCEPTIONS = YES;
				GCC_VERSION = com.apple.compilers.llvm.clang.1_0;
				GCC_WARN_64_TO_32_BIT_CONVERSION = YES;
				GCC_WARN_ABOUT_RETURN_TYPE = YES;
				GCC_WARN_UNINITIALIZED_AUTOS = YES;
				GCC_WARN_UNUSED_VARIABLE = YES;
				MACOSX_DEPLOYMENT_TARGET = 10.7;
				SDKROOT = macosx;
			};
			name = Release;
		};
		53E92B29167FC012003A35EB /* Debug */ = {
			isa = XCBuildConfiguration;
			buildSettings = {
				CLANG_CXX_LANGUAGE_STANDARD = "gnu++0x";
				CLANG_CXX_LIBRARY = "libc++";
				CLANG_WARN_EMPTY_BODY = YES;
				CLANG_WARN__DUPLICATE_METHOD_MATCH = YES;
				COMBINE_HIDPI_IMAGES = YES;
				INFOPLIST_FILE = "FTP Server/Camera Server-Info.plist";
				INSTALL_PATH = "$(LOCAL_LIBRARY_DIR)/Bundles";
				LD_RUNPATH_SEARCH_PATHS = "@loader_path/../Frameworks";
				MACH_O_TYPE = mh_execute;
				MACOSX_DEPLOYMENT_TARGET = 10.8;
				PRODUCT_NAME = "$(TARGET_NAME)";
				WRAPPER_EXTENSION = app;
			};
			name = Debug;
		};
		53E92B2A167FC012003A35EB /* Release */ = {
			isa = XCBuildConfiguration;
			buildSettings = {
				CLANG_CXX_LANGUAGE_STANDARD = "gnu++0x";
				CLANG_CXX_LIBRARY = "libc++";
				CLANG_WARN_EMPTY_BODY = YES;
				CLANG_WARN__DUPLICATE_METHOD_MATCH = YES;
				COMBINE_HIDPI_IMAGES = YES;
				INFOPLIST_FILE = "FTP Server/Camera Server-Info.plist";
				INSTALL_PATH = "$(LOCAL_LIBRARY_DIR)/Bundles";
				LD_RUNPATH_SEARCH_PATHS = "@loader_path/../Frameworks";
				MACH_O_TYPE = mh_execute;
				MACOSX_DEPLOYMENT_TARGET = 10.8;
				PRODUCT_NAME = "$(TARGET_NAME)";
				WRAPPER_EXTENSION = app;
			};
			name = Release;
		};
/* End XCBuildConfiguration section */

/* Begin XCConfigurationList section */
		531A1D0B1674E32400EA1D82 /* Build configuration list for PBXNativeTarget "FTP PASV Converter" */ = {
			isa = XCConfigurationList;
			buildConfigurations = (
				531A1D0C1674E32400EA1D82 /* Debug */,
				531A1D0D1674E32400EA1D82 /* Release */,
			);
			defaultConfigurationIsVisible = 0;
			defaultConfigurationName = Release;
		};
		53759DF115CEE8AD00F93127 /* Build configuration list for PBXProject "Camera Server" */ = {
			isa = XCConfigurationList;
			buildConfigurations = (
				53759E0415CEE8AD00F93127 /* Debug */,
				53759E0515CEE8AD00F93127 /* Release */,
			);
			defaultConfigurationIsVisible = 0;
			defaultConfigurationName = Release;
		};
		53E92B28167FC012003A35EB /* Build configuration list for PBXNativeTarget "Camera Server" */ = {
			isa = XCConfigurationList;
			buildConfigurations = (
				53E92B29167FC012003A35EB /* Debug */,
				53E92B2A167FC012003A35EB /* Release */,
			);
			defaultConfigurationIsVisible = 0;
			defaultConfigurationName = Release;
		};
/* End XCConfigurationList section */
	};
	rootObject = 53759DEE15CEE8AD00F93127 /* Project object */;
}
