// !$*UTF8*$!
{
	archiveVersion = 1;
	classes = {
	};
	objectVersion = 46;
	objects = {

/* Begin PBXBuildFile section */
		531A1D031674E32400EA1D82 /* Foundation.framework in Frameworks */ = {isa = PBXBuildFile; fileRef = 53759DFB15CEE8AD00F93127 /* Foundation.framework */; };
		531A1D061674E32400EA1D82 /* main.m in Sources */ = {isa = PBXBuildFile; fileRef = 531A1D051674E32400EA1D82 /* main.m */; };
		533F3016165BF5E100E327D4 /* AFVirtualFileSystem.m in Sources */ = {isa = PBXBuildFile; fileRef = 533F3015165BF5E100E327D4 /* AFVirtualFileSystem.m */; };
		533F3019165C35DE00E327D4 /* AFNetworkFTPConnection.m in Sources */ = {isa = PBXBuildFile; fileRef = 533F3018165C35DE00E327D4 /* AFNetworkFTPConnection.m */; };
		53759DFC15CEE8AD00F93127 /* Foundation.framework in Frameworks */ = {isa = PBXBuildFile; fileRef = 53759DFB15CEE8AD00F93127 /* Foundation.framework */; };
		53759DFF15CEE8AD00F93127 /* main.m in Sources */ = {isa = PBXBuildFile; fileRef = 53759DFE15CEE8AD00F93127 /* main.m */; };
		53759E1715CEE8E100F93127 /* CoreNetworking.framework in Frameworks */ = {isa = PBXBuildFile; fileRef = 53759E1215CEE8BE00F93127 /* CoreNetworking.framework */; };
		53A0482215D077290054FFB0 /* AFNetworkFTPServer.m in Sources */ = {isa = PBXBuildFile; fileRef = 53A0482115D077290054FFB0 /* AFNetworkFTPServer.m */; };
		53A0482515D077B80054FFB0 /* AFNetworkTelnetConnection.m in Sources */ = {isa = PBXBuildFile; fileRef = 53A0482415D077B80054FFB0 /* AFNetworkTelnetConnection.m */; };
		53A0491015D1C4CF0054FFB0 /* AFInMemoryFileSystem.m in Sources */ = {isa = PBXBuildFile; fileRef = 53A0490F15D1C4CE0054FFB0 /* AFInMemoryFileSystem.m */; };
		53A225FE167544BF0036CB30 /* AFNetworkFTPMessage.m in Sources */ = {isa = PBXBuildFile; fileRef = 53A225FD167544BF0036CB30 /* AFNetworkFTPMessage.m */; };
/* End PBXBuildFile section */

/* Begin PBXContainerItemProxy section */
		533F2FA4165BE3E300E327D4 /* PBXContainerItemProxy */ = {
			isa = PBXContainerItemProxy;
			containerPortal = 53759E0915CEE8BE00F93127 /* CoreNetworking.xcodeproj */;
			proxyType = 2;
			remoteGlobalIDString = 53D4568116209630006FAD65;
			remoteInfo = "CoreNetworking Tests";
		};
		53759E1115CEE8BE00F93127 /* PBXContainerItemProxy */ = {
			isa = PBXContainerItemProxy;
			containerPortal = 53759E0915CEE8BE00F93127 /* CoreNetworking.xcodeproj */;
			proxyType = 2;
			remoteGlobalIDString = 5370E0710F5B0571008F5991;
			remoteInfo = CoreNetworking;
		};
		53759E1315CEE8BE00F93127 /* PBXContainerItemProxy */ = {
			isa = PBXContainerItemProxy;
			containerPortal = 53759E0915CEE8BE00F93127 /* CoreNetworking.xcodeproj */;
			proxyType = 2;
			remoteGlobalIDString = 53BEF6A10F5B6A2700063B8D;
			remoteInfo = "CoreNetworking Touch";
		};
		53759E1515CEE8D300F93127 /* PBXContainerItemProxy */ = {
			isa = PBXContainerItemProxy;
			containerPortal = 53759E0915CEE8BE00F93127 /* CoreNetworking.xcodeproj */;
			proxyType = 1;
			remoteGlobalIDString = 5370E0700F5B0571008F5991;
			remoteInfo = CoreNetworking;
		};
/* End PBXContainerItemProxy section */

/* Begin PBXCopyFilesBuildPhase section */
		531A1CFF1674E32400EA1D82 /* CopyFiles */ = {
			isa = PBXCopyFilesBuildPhase;
			buildActionMask = 2147483647;
			dstPath = /usr/share/man/man1/;
			dstSubfolderSpec = 0;
			files = (
			);
			runOnlyForDeploymentPostprocessing = 1;
		};
/* End PBXCopyFilesBuildPhase section */

/* Begin PBXFileReference section */
		531A1D011674E32400EA1D82 /* FTP PASV Converter */ = {isa = PBXFileReference; explicitFileType = "compiled.mach-o.executable"; includeInIndex = 0; path = "FTP PASV Converter"; sourceTree = BUILT_PRODUCTS_DIR; };
		531A1D051674E32400EA1D82 /* main.m */ = {isa = PBXFileReference; lastKnownFileType = sourcecode.c.objc; path = main.m; sourceTree = "<group>"; };
		531A1D081674E32400EA1D82 /* FTP PASV Converter-Prefix.pch */ = {isa = PBXFileReference; lastKnownFileType = sourcecode.c.h; path = "FTP PASV Converter-Prefix.pch"; sourceTree = "<group>"; };
		533F3014165BEF2000E327D4 /* AFVirtualFileSystem.h */ = {isa = PBXFileReference; lastKnownFileType = sourcecode.c.h; path = AFVirtualFileSystem.h; sourceTree = "<group>"; };
		533F3015165BF5E100E327D4 /* AFVirtualFileSystem.m */ = {isa = PBXFileReference; fileEncoding = 4; lastKnownFileType = sourcecode.c.objc; path = AFVirtualFileSystem.m; sourceTree = "<group>"; };
		533F3017165C35DE00E327D4 /* AFNetworkFTPConnection.h */ = {isa = PBXFileReference; fileEncoding = 4; lastKnownFileType = sourcecode.c.h; path = AFNetworkFTPConnection.h; sourceTree = "<group>"; };
		533F3018165C35DE00E327D4 /* AFNetworkFTPConnection.m */ = {isa = PBXFileReference; fileEncoding = 4; lastKnownFileType = sourcecode.c.objc; path = AFNetworkFTPConnection.m; sourceTree = "<group>"; };
		536312A6166A7B3200B4308D /* AFVirtualFileSystemNode+AFVirtualFileSystemPrivate.h */ = {isa = PBXFileReference; fileEncoding = 4; lastKnownFileType = sourcecode.c.h; path = "AFVirtualFileSystemNode+AFVirtualFileSystemPrivate.h"; sourceTree = "<group>"; };
		53759DF715CEE8AD00F93127 /* FTP Server */ = {isa = PBXFileReference; explicitFileType = "compiled.mach-o.executable"; includeInIndex = 0; path = "FTP Server"; sourceTree = BUILT_PRODUCTS_DIR; };
		53759DFB15CEE8AD00F93127 /* Foundation.framework */ = {isa = PBXFileReference; lastKnownFileType = wrapper.framework; name = Foundation.framework; path = System/Library/Frameworks/Foundation.framework; sourceTree = SDKROOT; };
		53759DFE15CEE8AD00F93127 /* main.m */ = {isa = PBXFileReference; lastKnownFileType = sourcecode.c.objc; path = main.m; sourceTree = "<group>"; };
		53759E0115CEE8AD00F93127 /* FTP Server-Prefix.pch */ = {isa = PBXFileReference; lastKnownFileType = sourcecode.c.h; path = "FTP Server-Prefix.pch"; sourceTree = "<group>"; };
		53759E0915CEE8BE00F93127 /* CoreNetworking.xcodeproj */ = {isa = PBXFileReference; lastKnownFileType = "wrapper.pb-project"; name = CoreNetworking.xcodeproj; path = ../Amber/CoreNetworking/CoreNetworking.xcodeproj; sourceTree = "<group>"; };
		53A0482015D077290054FFB0 /* AFNetworkFTPServer.h */ = {isa = PBXFileReference; fileEncoding = 4; lastKnownFileType = sourcecode.c.h; path = AFNetworkFTPServer.h; sourceTree = "<group>"; };
		53A0482115D077290054FFB0 /* AFNetworkFTPServer.m */ = {isa = PBXFileReference; fileEncoding = 4; lastKnownFileType = sourcecode.c.objc; path = AFNetworkFTPServer.m; sourceTree = "<group>"; };
		53A0482315D077B80054FFB0 /* AFNetworkTelnetConnection.h */ = {isa = PBXFileReference; fileEncoding = 4; lastKnownFileType = sourcecode.c.h; path = AFNetworkTelnetConnection.h; sourceTree = "<group>"; };
		53A0482415D077B80054FFB0 /* AFNetworkTelnetConnection.m */ = {isa = PBXFileReference; fileEncoding = 4; lastKnownFileType = sourcecode.c.objc; path = AFNetworkTelnetConnection.m; sourceTree = "<group>"; };
		53A0490E15D1C4CE0054FFB0 /* AFInMemoryFileSystem.h */ = {isa = PBXFileReference; fileEncoding = 4; lastKnownFileType = sourcecode.c.h; path = AFInMemoryFileSystem.h; sourceTree = "<group>"; };
		53A0490F15D1C4CE0054FFB0 /* AFInMemoryFileSystem.m */ = {isa = PBXFileReference; fileEncoding = 4; lastKnownFileType = sourcecode.c.objc; path = AFInMemoryFileSystem.m; sourceTree = "<group>"; };
		53A225FC167544BF0036CB30 /* AFNetworkFTPMessage.h */ = {isa = PBXFileReference; fileEncoding = 4; lastKnownFileType = sourcecode.c.h; path = AFNetworkFTPMessage.h; sourceTree = "<group>"; };
		53A225FD167544BF0036CB30 /* AFNetworkFTPMessage.m */ = {isa = PBXFileReference; fileEncoding = 4; lastKnownFileType = sourcecode.c.objc; path = AFNetworkFTPMessage.m; sourceTree = "<group>"; };
/* End PBXFileReference section */

/* Begin PBXFrameworksBuildPhase section */
		531A1CFE1674E32400EA1D82 /* Frameworks */ = {
			isa = PBXFrameworksBuildPhase;
			buildActionMask = 2147483647;
			files = (
				531A1D031674E32400EA1D82 /* Foundation.framework in Frameworks */,
			);
			runOnlyForDeploymentPostprocessing = 0;
		};
		53759DF415CEE8AD00F93127 /* Frameworks */ = {
			isa = PBXFrameworksBuildPhase;
			buildActionMask = 2147483647;
			files = (
				53759E1715CEE8E100F93127 /* CoreNetworking.framework in Frameworks */,
				53759DFC15CEE8AD00F93127 /* Foundation.framework in Frameworks */,
			);
			runOnlyForDeploymentPostprocessing = 0;
		};
/* End PBXFrameworksBuildPhase section */

/* Begin PBXGroup section */
		531A1D041674E32400EA1D82 /* FTP PASV Converter */ = {
			isa = PBXGroup;
			children = (
				531A1D051674E32400EA1D82 /* main.m */,
				531A1D071674E32400EA1D82 /* Supporting Files */,
			);
			path = "FTP PASV Converter";
			sourceTree = "<group>";
		};
		531A1D071674E32400EA1D82 /* Supporting Files */ = {
			isa = PBXGroup;
			children = (
				531A1D081674E32400EA1D82 /* FTP PASV Converter-Prefix.pch */,
			);
			name = "Supporting Files";
			sourceTree = "<group>";
		};
		53759DEC15CEE8AD00F93127 = {
			isa = PBXGroup;
			children = (
				53759DFD15CEE8AD00F93127 /* FTP Server */,
				531A1D041674E32400EA1D82 /* FTP PASV Converter */,
				53759DFA15CEE8AD00F93127 /* Frameworks */,
				53759DF815CEE8AD00F93127 /* Products */,
			);
			sourceTree = "<group>";
		};
		53759DF815CEE8AD00F93127 /* Products */ = {
			isa = PBXGroup;
			children = (
				53759DF715CEE8AD00F93127 /* FTP Server */,
				531A1D011674E32400EA1D82 /* FTP PASV Converter */,
			);
			name = Products;
			sourceTree = "<group>";
		};
		53759DFA15CEE8AD00F93127 /* Frameworks */ = {
			isa = PBXGroup;
			children = (
				53759E0915CEE8BE00F93127 /* CoreNetworking.xcodeproj */,
				53759DFB15CEE8AD00F93127 /* Foundation.framework */,
			);
			name = Frameworks;
			sourceTree = "<group>";
		};
		53759DFD15CEE8AD00F93127 /* FTP Server */ = {
			isa = PBXGroup;
			children = (
				53759DFE15CEE8AD00F93127 /* main.m */,
				53A0482315D077B80054FFB0 /* AFNetworkTelnetConnection.h */,
				53A0482415D077B80054FFB0 /* AFNetworkTelnetConnection.m */,
				533F3017165C35DE00E327D4 /* AFNetworkFTPConnection.h */,
				533F3018165C35DE00E327D4 /* AFNetworkFTPConnection.m */,
				53A225FC167544BF0036CB30 /* AFNetworkFTPMessage.h */,
				53A225FD167544BF0036CB30 /* AFNetworkFTPMessage.m */,
				53A0482015D077290054FFB0 /* AFNetworkFTPServer.h */,
				53A0482115D077290054FFB0 /* AFNetworkFTPServer.m */,
				533F3014165BEF2000E327D4 /* AFVirtualFileSystem.h */,
				536312A6166A7B3200B4308D /* AFVirtualFileSystemNode+AFVirtualFileSystemPrivate.h */,
				533F3015165BF5E100E327D4 /* AFVirtualFileSystem.m */,
				53A0490E15D1C4CE0054FFB0 /* AFInMemoryFileSystem.h */,
				53A0490F15D1C4CE0054FFB0 /* AFInMemoryFileSystem.m */,
				53759E0015CEE8AD00F93127 /* Supporting Files */,
			);
			path = "FTP Server";
			sourceTree = "<group>";
		};
		53759E0015CEE8AD00F93127 /* Supporting Files */ = {
			isa = PBXGroup;
			children = (
				53759E0115CEE8AD00F93127 /* FTP Server-Prefix.pch */,
			);
			name = "Supporting Files";
			sourceTree = "<group>";
		};
		53759E0A15CEE8BE00F93127 /* Products */ = {
			isa = PBXGroup;
			children = (
				53759E1215CEE8BE00F93127 /* CoreNetworking.framework */,
				533F2FA5165BE3E300E327D4 /* CoreNetworking Tests.octest */,
				53759E1415CEE8BE00F93127 /* libCoreNetworking.a */,
			);
			name = Products;
			sourceTree = "<group>";
		};
/* End PBXGroup section */

/* Begin PBXNativeTarget section */
		531A1D001674E32400EA1D82 /* FTP PASV Converter */ = {
			isa = PBXNativeTarget;
			buildConfigurationList = 531A1D0B1674E32400EA1D82 /* Build configuration list for PBXNativeTarget "FTP PASV Converter" */;
			buildPhases = (
				531A1CFD1674E32400EA1D82 /* Sources */,
				531A1CFE1674E32400EA1D82 /* Frameworks */,
				531A1CFF1674E32400EA1D82 /* CopyFiles */,
			);
			buildRules = (
			);
			dependencies = (
			);
			name = "FTP PASV Converter";
			productName = "FTP PASV Converter";
			productReference = 531A1D011674E32400EA1D82 /* FTP PASV Converter */;
			productType = "com.apple.product-type.tool";
		};
		53759DF615CEE8AD00F93127 /* FTP Server */ = {
			isa = PBXNativeTarget;
			buildConfigurationList = 53759E0615CEE8AD00F93127 /* Build configuration list for PBXNativeTarget "FTP Server" */;
			buildPhases = (
				53759DF315CEE8AD00F93127 /* Sources */,
				53759DF415CEE8AD00F93127 /* Frameworks */,
			);
			buildRules = (
			);
			dependencies = (
				53759E1615CEE8D300F93127 /* PBXTargetDependency */,
			);
			name = "FTP Server";
			productName = "FTP Server";
			productReference = 53759DF715CEE8AD00F93127 /* FTP Server */;
			productType = "com.apple.product-type.tool";
		};
/* End PBXNativeTarget section */

/* Begin PBXProject section */
		53759DEE15CEE8AD00F93127 /* Project object */ = {
			isa = PBXProject;
			attributes = {
				CLASSPREFIX = AFNetwork;
				LastUpgradeCheck = 0430;
				ORGANIZATIONNAME = "Keith Duncan";
			};
			buildConfigurationList = 53759DF115CEE8AD00F93127 /* Build configuration list for PBXProject "FTP Server" */;
			compatibilityVersion = "Xcode 3.2";
			developmentRegion = English;
			hasScannedForEncodings = 0;
			knownRegions = (
				en,
			);
			mainGroup = 53759DEC15CEE8AD00F93127;
			productRefGroup = 53759DF815CEE8AD00F93127 /* Products */;
			projectDirPath = "";
			projectReferences = (
				{
					ProductGroup = 53759E0A15CEE8BE00F93127 /* Products */;
					ProjectRef = 53759E0915CEE8BE00F93127 /* CoreNetworking.xcodeproj */;
				},
			);
			projectRoot = "";
			targets = (
				53759DF615CEE8AD00F93127 /* FTP Server */,
				531A1D001674E32400EA1D82 /* FTP PASV Converter */,
			);
		};
/* End PBXProject section */

/* Begin PBXReferenceProxy section */
		533F2FA5165BE3E300E327D4 /* CoreNetworking Tests.octest */ = {
			isa = PBXReferenceProxy;
			fileType = wrapper.cfbundle;
			path = "CoreNetworking Tests.octest";
			remoteRef = 533F2FA4165BE3E300E327D4 /* PBXContainerItemProxy */;
			sourceTree = BUILT_PRODUCTS_DIR;
		};
		53759E1215CEE8BE00F93127 /* CoreNetworking.framework */ = {
			isa = PBXReferenceProxy;
			fileType = wrapper.framework;
			path = CoreNetworking.framework;
			remoteRef = 53759E1115CEE8BE00F93127 /* PBXContainerItemProxy */;
			sourceTree = BUILT_PRODUCTS_DIR;
		};
		53759E1415CEE8BE00F93127 /* libCoreNetworking.a */ = {
			isa = PBXReferenceProxy;
			fileType = archive.ar;
			path = libCoreNetworking.a;
			remoteRef = 53759E1315CEE8BE00F93127 /* PBXContainerItemProxy */;
			sourceTree = BUILT_PRODUCTS_DIR;
		};
/* End PBXReferenceProxy section */

/* Begin PBXSourcesBuildPhase section */
		531A1CFD1674E32400EA1D82 /* Sources */ = {
			isa = PBXSourcesBuildPhase;
			buildActionMask = 2147483647;
			files = (
				531A1D061674E32400EA1D82 /* main.m in Sources */,
			);
			runOnlyForDeploymentPostprocessing = 0;
		};
		53759DF315CEE8AD00F93127 /* Sources */ = {
			isa = PBXSourcesBuildPhase;
			buildActionMask = 2147483647;
			files = (
				53759DFF15CEE8AD00F93127 /* main.m in Sources */,
				53A0482215D077290054FFB0 /* AFNetworkFTPServer.m in Sources */,
				53A0482515D077B80054FFB0 /* AFNetworkTelnetConnection.m in Sources */,
				53A0491015D1C4CF0054FFB0 /* AFInMemoryFileSystem.m in Sources */,
				533F3016165BF5E100E327D4 /* AFVirtualFileSystem.m in Sources */,
				533F3019165C35DE00E327D4 /* AFNetworkFTPConnection.m in Sources */,
				53A225FE167544BF0036CB30 /* AFNetworkFTPMessage.m in Sources */,
			);
			runOnlyForDeploymentPostprocessing = 0;
		};
/* End PBXSourcesBuildPhase section */

/* Begin PBXTargetDependency section */
		53759E1615CEE8D300F93127 /* PBXTargetDependency */ = {
			isa = PBXTargetDependency;
			name = CoreNetworking;
			targetProxy = 53759E1515CEE8D300F93127 /* PBXContainerItemProxy */;
		};
/* End PBXTargetDependency section */

/* Begin XCBuildConfiguration section */
		531A1D0C1674E32400EA1D82 /* Debug */ = {
			isa = XCBuildConfiguration;
			buildSettings = {
				CLANG_CXX_LANGUAGE_STANDARD = "gnu++0x";
				CLANG_CXX_LIBRARY = "libc++";
				CLANG_ENABLE_OBJC_ARC = YES;
				CLANG_WARN_EMPTY_BODY = YES;
				CLANG_WARN__DUPLICATE_METHOD_MATCH = YES;
				GCC_PRECOMPILE_PREFIX_HEADER = YES;
				GCC_PREFIX_HEADER = "FTP PASV Converter/FTP PASV Converter-Prefix.pch";
				MACOSX_DEPLOYMENT_TARGET = 10.8;
				PRODUCT_NAME = "$(TARGET_NAME)";
			};
			name = Debug;
		};
		531A1D0D1674E32400EA1D82 /* Release */ = {
			isa = XCBuildConfiguration;
			buildSettings = {
				CLANG_CXX_LANGUAGE_STANDARD = "gnu++0x";
				CLANG_CXX_LIBRARY = "libc++";
				CLANG_ENABLE_OBJC_ARC = YES;
				CLANG_WARN_EMPTY_BODY = YES;
				CLANG_WARN__DUPLICATE_METHOD_MATCH = YES;
				GCC_PRECOMPILE_PREFIX_HEADER = YES;
				GCC_PREFIX_HEADER = "FTP PASV Converter/FTP PASV Converter-Prefix.pch";
				MACOSX_DEPLOYMENT_TARGET = 10.8;
				PRODUCT_NAME = "$(TARGET_NAME)";
			};
			name = Release;
		};
		53759E0415CEE8AD00F93127 /* Debug */ = {
			isa = XCBuildConfiguration;
			buildSettings = {
				ALWAYS_SEARCH_USER_PATHS = NO;
				ARCHS = "$(ARCHS_STANDARD_64_BIT)";
				COPY_PHASE_STRIP = NO;
				GCC_C_LANGUAGE_STANDARD = gnu99;
				GCC_DYNAMIC_NO_PIC = NO;
				GCC_ENABLE_OBJC_EXCEPTIONS = YES;
				GCC_OPTIMIZATION_LEVEL = 0;
				GCC_PREPROCESSOR_DEFINITIONS = (
					"DEBUG=1",
					"$(inherited)",
				);
				GCC_SYMBOLS_PRIVATE_EXTERN = NO;
				GCC_VERSION = com.apple.compilers.llvm.clang.1_0;
				GCC_WARN_64_TO_32_BIT_CONVERSION = YES;
				GCC_WARN_ABOUT_RETURN_TYPE = YES;
				GCC_WARN_UNINITIALIZED_AUTOS = YES;
				GCC_WARN_UNUSED_VARIABLE = YES;
				MACOSX_DEPLOYMENT_TARGET = 10.7;
				ONLY_ACTIVE_ARCH = YES;
				SDKROOT = macosx;
			};
			name = Debug;
		};
		53759E0515CEE8AD00F93127 /* Release */ = {
			isa = XCBuildConfiguration;
			buildSettings = {
				ALWAYS_SEARCH_USER_PATHS = NO;
				ARCHS = "$(ARCHS_STANDARD_64_BIT)";
				COPY_PHASE_STRIP = YES;
				DEBUG_INFORMATION_FORMAT = "dwarf-with-dsym";
				GCC_C_LANGUAGE_STANDARD = gnu99;
				GCC_ENABLE_OBJC_EXCEPTIONS = YES;
				GCC_VERSION = com.apple.compilers.llvm.clang.1_0;
				GCC_WARN_64_TO_32_BIT_CONVERSION = YES;
				GCC_WARN_ABOUT_RETURN_TYPE = YES;
				GCC_WARN_UNINITIALIZED_AUTOS = YES;
				GCC_WARN_UNUSED_VARIABLE = YES;
				MACOSX_DEPLOYMENT_TARGET = 10.7;
				SDKROOT = macosx;
			};
			name = Release;
		};
		53759E0715CEE8AD00F93127 /* Debug */ = {
			isa = XCBuildConfiguration;
			buildSettings = {
				GCC_PRECOMPILE_PREFIX_HEADER = YES;
				GCC_PREFIX_HEADER = "FTP Server/FTP Server-Prefix.pch";
				PRODUCT_NAME = "$(TARGET_NAME)";
				RUN_CLANG_STATIC_ANALYZER = YES;
			};
			name = Debug;
		};
		53759E0815CEE8AD00F93127 /* Release */ = {
			isa = XCBuildConfiguration;
			buildSettings = {
				GCC_PRECOMPILE_PREFIX_HEADER = YES;
				GCC_PREFIX_HEADER = "FTP Server/FTP Server-Prefix.pch";
				PRODUCT_NAME = "$(TARGET_NAME)";
				RUN_CLANG_STATIC_ANALYZER = YES;
			};
			name = Release;
		};
/* End XCBuildConfiguration section */

/* Begin XCConfigurationList section */
		531A1D0B1674E32400EA1D82 /* Build configuration list for PBXNativeTarget "FTP PASV Converter" */ = {
			isa = XCConfigurationList;
			buildConfigurations = (
				531A1D0C1674E32400EA1D82 /* Debug */,
				531A1D0D1674E32400EA1D82 /* Release */,
			);
			defaultConfigurationIsVisible = 0;
			defaultConfigurationName = Release;
		};
		53759DF115CEE8AD00F93127 /* Build configuration list for PBXProject "FTP Server" */ = {
			isa = XCConfigurationList;
			buildConfigurations = (
				53759E0415CEE8AD00F93127 /* Debug */,
				53759E0515CEE8AD00F93127 /* Release */,
			);
			defaultConfigurationIsVisible = 0;
			defaultConfigurationName = Release;
		};
		53759E0615CEE8AD00F93127 /* Build configuration list for PBXNativeTarget "FTP Server" */ = {
			isa = XCConfigurationList;
			buildConfigurations = (
				53759E0715CEE8AD00F93127 /* Debug */,
				53759E0815CEE8AD00F93127 /* Release */,
			);
			defaultConfigurationIsVisible = 0;
			defaultConfigurationName = Release;
		};
/* End XCConfigurationList section */
	};
	rootObject = 53759DEE15CEE8AD00F93127 /* Project object */;
}
